// !$*UTF8*$!
{
	archiveVersion = 1;
	classes = {
	};
	objectVersion = 46;
	objects = {

/* Begin PBXBuildFile section */
		0914A63E1992897B00631DB0 /* ProductCategory.m in Sources */ = {isa = PBXBuildFile; fileRef = 0914A63D1992897B00631DB0 /* ProductCategory.m */; };
		0914A6481992A71900631DB0 /* biotex.jpg in Resources */ = {isa = PBXBuildFile; fileRef = 0914A63F1992A71900631DB0 /* biotex.jpg */; };
		0914A6491992A71900631DB0 /* cif.jpg in Resources */ = {isa = PBXBuildFile; fileRef = 0914A6401992A71900631DB0 /* cif.jpg */; };
		0914A64A1992A71900631DB0 /* domestos.jpg in Resources */ = {isa = PBXBuildFile; fileRef = 0914A6411992A71900631DB0 /* domestos.jpg */; };
		0914A64B1992A71900631DB0 /* dove_heat_protect_spray.jpg in Resources */ = {isa = PBXBuildFile; fileRef = 0914A6421992A71900631DB0 /* dove_heat_protect_spray.jpg */; };
		0914A64C1992A71900631DB0 /* dove_pure_care_dry_oil.png in Resources */ = {isa = PBXBuildFile; fileRef = 0914A6431992A71900631DB0 /* dove_pure_care_dry_oil.png */; };
		0914A64D1992A71900631DB0 /* intensive_whitening_soap.jpg in Resources */ = {isa = PBXBuildFile; fileRef = 0914A6441992A71900631DB0 /* intensive_whitening_soap.jpg */; };
		0914A64E1992A71900631DB0 /* lynx_2in1.png in Resources */ = {isa = PBXBuildFile; fileRef = 0914A6451992A71900631DB0 /* lynx_2in1.png */; };
		0914A64F1992A71900631DB0 /* lynx_messy_look.png in Resources */ = {isa = PBXBuildFile; fileRef = 0914A6461992A71900631DB0 /* lynx_messy_look.png */; };
		0914A6501992A71900631DB0 /* lynx_peace.png in Resources */ = {isa = PBXBuildFile; fileRef = 0914A6471992A71900631DB0 /* lynx_peace.png */; };
		093DA31B1992627C00BB4683 /* ProductsListTableViewController.m in Sources */ = {isa = PBXBuildFile; fileRef = 093DA31A1992627C00BB4683 /* ProductsListTableViewController.m */; };
		093DA31E1992638D00BB4683 /* ProductTableViewCell.m in Sources */ = {isa = PBXBuildFile; fileRef = 093DA31D1992638D00BB4683 /* ProductTableViewCell.m */; };
		093DA3211992681300BB4683 /* Product.m in Sources */ = {isa = PBXBuildFile; fileRef = 093DA3201992681300BB4683 /* Product.m */; };
		093DA32419926C0E00BB4683 /* ProductDetailsViewController.m in Sources */ = {isa = PBXBuildFile; fileRef = 093DA32319926C0E00BB4683 /* ProductDetailsViewController.m */; };
		093DA3261992704A00BB4683 /* products.json in Resources */ = {isa = PBXBuildFile; fileRef = 093DA3251992704A00BB4683 /* products.json */; };
		093DA327199281A300BB4683 /* OpenTok.framework in Frameworks */ = {isa = PBXBuildFile; fileRef = BE70BE2519926BAD00EFD9AE /* OpenTok.framework */; };
		BE30A94F1992447600BF3351 /* AppDelegate.swift in Sources */ = {isa = PBXBuildFile; fileRef = BE30A94E1992447600BF3351 /* AppDelegate.swift */; };
		BE30A9511992447600BF3351 /* ViewController.swift in Sources */ = {isa = PBXBuildFile; fileRef = BE30A9501992447600BF3351 /* ViewController.swift */; };
		BE30A9541992447600BF3351 /* Main.storyboard in Resources */ = {isa = PBXBuildFile; fileRef = BE30A9521992447600BF3351 /* Main.storyboard */; };
		BE30A9561992447600BF3351 /* Images.xcassets in Resources */ = {isa = PBXBuildFile; fileRef = BE30A9551992447600BF3351 /* Images.xcassets */; };
		BE30A9621992447600BF3351 /* HelprTests.swift in Sources */ = {isa = PBXBuildFile; fileRef = BE30A9611992447600BF3351 /* HelprTests.swift */; };
		BE70BE241992698700EFD9AE /* VideoViewController.swift in Sources */ = {isa = PBXBuildFile; fileRef = BE70BE231992698700EFD9AE /* VideoViewController.swift */; };
		BE70BE2B19926F6E00EFD9AE /* libxml2.dylib in Frameworks */ = {isa = PBXBuildFile; fileRef = BE70BE2A19926F6E00EFD9AE /* libxml2.dylib */; };
		BE70BE2D19926F7700EFD9AE /* libpthread.dylib in Frameworks */ = {isa = PBXBuildFile; fileRef = BE70BE2C19926F7700EFD9AE /* libpthread.dylib */; };
		BE70BE2F19926F8300EFD9AE /* libstdc++.6.0.9.dylib in Frameworks */ = {isa = PBXBuildFile; fileRef = BE70BE2E19926F8300EFD9AE /* libstdc++.6.0.9.dylib */; };
		BE70BE3119926FAF00EFD9AE /* libsqlite3.dylib in Frameworks */ = {isa = PBXBuildFile; fileRef = BE70BE3019926FAF00EFD9AE /* libsqlite3.dylib */; };
		BE70BE3319926FCC00EFD9AE /* OpenGLES.framework in Frameworks */ = {isa = PBXBuildFile; fileRef = BE70BE3219926FCC00EFD9AE /* OpenGLES.framework */; };
		BE70BE3519926FF000EFD9AE /* CoreTelephony.framework in Frameworks */ = {isa = PBXBuildFile; fileRef = BE70BE3419926FF000EFD9AE /* CoreTelephony.framework */; };
		BE70BE371992702D00EFD9AE /* AudioToolbox.framework in Frameworks */ = {isa = PBXBuildFile; fileRef = BE70BE361992702D00EFD9AE /* AudioToolbox.framework */; };
		BE70BE391992703C00EFD9AE /* CoreVideo.framework in Frameworks */ = {isa = PBXBuildFile; fileRef = BE70BE381992703C00EFD9AE /* CoreVideo.framework */; };
		BE70BE3B1992704C00EFD9AE /* SystemConfiguration.framework in Frameworks */ = {isa = PBXBuildFile; fileRef = BE70BE3A1992704C00EFD9AE /* SystemConfiguration.framework */; };
		BE70BE3D1992707200EFD9AE /* CoreMedia.framework in Frameworks */ = {isa = PBXBuildFile; fileRef = BE70BE3C1992707200EFD9AE /* CoreMedia.framework */; };
		BE70BE3F199270A500EFD9AE /* CoreGraphics.framework in Frameworks */ = {isa = PBXBuildFile; fileRef = BE70BE3E199270A500EFD9AE /* CoreGraphics.framework */; };
		BE70BE41199270C600EFD9AE /* UIKit.framework in Frameworks */ = {isa = PBXBuildFile; fileRef = BE70BE40199270C600EFD9AE /* UIKit.framework */; };
		BE70BE43199270D600EFD9AE /* AVFoundation.framework in Frameworks */ = {isa = PBXBuildFile; fileRef = BE70BE42199270D600EFD9AE /* AVFoundation.framework */; };
		BE70BE45199270F800EFD9AE /* Foundation.framework in Frameworks */ = {isa = PBXBuildFile; fileRef = BE70BE44199270F800EFD9AE /* Foundation.framework */; };
		BE70BE471992710500EFD9AE /* QuartzCore.framework in Frameworks */ = {isa = PBXBuildFile; fileRef = BE70BE461992710500EFD9AE /* QuartzCore.framework */; };
		BE70BE4B1992755900EFD9AE /* GLKit.framework in Frameworks */ = {isa = PBXBuildFile; fileRef = BE70BE4A1992755900EFD9AE /* GLKit.framework */; };
/* End PBXBuildFile section */

/* Begin PBXContainerItemProxy section */
		BE30A95C1992447600BF3351 /* PBXContainerItemProxy */ = {
			isa = PBXContainerItemProxy;
			containerPortal = BE30A9411992447500BF3351 /* Project object */;
			proxyType = 1;
			remoteGlobalIDString = BE30A9481992447600BF3351;
			remoteInfo = Helpr;
		};
/* End PBXContainerItemProxy section */

/* Begin PBXFileReference section */
		0914A63C1992897B00631DB0 /* ProductCategory.h */ = {isa = PBXFileReference; fileEncoding = 4; lastKnownFileType = sourcecode.c.h; path = ProductCategory.h; sourceTree = "<group>"; };
		0914A63D1992897B00631DB0 /* ProductCategory.m */ = {isa = PBXFileReference; fileEncoding = 4; lastKnownFileType = sourcecode.c.objc; path = ProductCategory.m; sourceTree = "<group>"; };
		0914A63F1992A71900631DB0 /* biotex.jpg */ = {isa = PBXFileReference; lastKnownFileType = image.jpeg; path = biotex.jpg; sourceTree = "<group>"; };
		0914A6401992A71900631DB0 /* cif.jpg */ = {isa = PBXFileReference; lastKnownFileType = image.jpeg; path = cif.jpg; sourceTree = "<group>"; };
		0914A6411992A71900631DB0 /* domestos.jpg */ = {isa = PBXFileReference; lastKnownFileType = image.jpeg; path = domestos.jpg; sourceTree = "<group>"; };
		0914A6421992A71900631DB0 /* dove_heat_protect_spray.jpg */ = {isa = PBXFileReference; lastKnownFileType = image.jpeg; path = dove_heat_protect_spray.jpg; sourceTree = "<group>"; };
		0914A6431992A71900631DB0 /* dove_pure_care_dry_oil.png */ = {isa = PBXFileReference; lastKnownFileType = image.png; path = dove_pure_care_dry_oil.png; sourceTree = "<group>"; };
		0914A6441992A71900631DB0 /* intensive_whitening_soap.jpg */ = {isa = PBXFileReference; lastKnownFileType = image.jpeg; path = intensive_whitening_soap.jpg; sourceTree = "<group>"; };
		0914A6451992A71900631DB0 /* lynx_2in1.png */ = {isa = PBXFileReference; lastKnownFileType = image.png; path = lynx_2in1.png; sourceTree = "<group>"; };
		0914A6461992A71900631DB0 /* lynx_messy_look.png */ = {isa = PBXFileReference; lastKnownFileType = image.png; path = lynx_messy_look.png; sourceTree = "<group>"; };
		0914A6471992A71900631DB0 /* lynx_peace.png */ = {isa = PBXFileReference; lastKnownFileType = image.png; path = lynx_peace.png; sourceTree = "<group>"; };
		093DA3191992627C00BB4683 /* ProductsListTableViewController.h */ = {isa = PBXFileReference; fileEncoding = 4; lastKnownFileType = sourcecode.c.h; path = ProductsListTableViewController.h; sourceTree = "<group>"; };
		093DA31A1992627C00BB4683 /* ProductsListTableViewController.m */ = {isa = PBXFileReference; fileEncoding = 4; lastKnownFileType = sourcecode.c.objc; path = ProductsListTableViewController.m; sourceTree = "<group>"; };
		093DA31C1992638D00BB4683 /* ProductTableViewCell.h */ = {isa = PBXFileReference; fileEncoding = 4; lastKnownFileType = sourcecode.c.h; path = ProductTableViewCell.h; sourceTree = "<group>"; };
		093DA31D1992638D00BB4683 /* ProductTableViewCell.m */ = {isa = PBXFileReference; fileEncoding = 4; lastKnownFileType = sourcecode.c.objc; path = ProductTableViewCell.m; sourceTree = "<group>"; };
		093DA31F1992681300BB4683 /* Product.h */ = {isa = PBXFileReference; fileEncoding = 4; lastKnownFileType = sourcecode.c.h; path = Product.h; sourceTree = "<group>"; };
		093DA3201992681300BB4683 /* Product.m */ = {isa = PBXFileReference; fileEncoding = 4; lastKnownFileType = sourcecode.c.objc; path = Product.m; sourceTree = "<group>"; };
		093DA32219926C0E00BB4683 /* ProductDetailsViewController.h */ = {isa = PBXFileReference; fileEncoding = 4; lastKnownFileType = sourcecode.c.h; path = ProductDetailsViewController.h; sourceTree = "<group>"; };
		093DA32319926C0E00BB4683 /* ProductDetailsViewController.m */ = {isa = PBXFileReference; fileEncoding = 4; lastKnownFileType = sourcecode.c.objc; path = ProductDetailsViewController.m; sourceTree = "<group>"; };
		093DA3251992704A00BB4683 /* products.json */ = {isa = PBXFileReference; fileEncoding = 4; lastKnownFileType = text.json; path = products.json; sourceTree = "<group>"; };
		BE30A9491992447600BF3351 /* Helpr.app */ = {isa = PBXFileReference; explicitFileType = wrapper.application; includeInIndex = 0; path = Helpr.app; sourceTree = BUILT_PRODUCTS_DIR; };
		BE30A94D1992447600BF3351 /* Info.plist */ = {isa = PBXFileReference; lastKnownFileType = text.plist.xml; path = Info.plist; sourceTree = "<group>"; };
		BE30A94E1992447600BF3351 /* AppDelegate.swift */ = {isa = PBXFileReference; lastKnownFileType = sourcecode.swift; path = AppDelegate.swift; sourceTree = "<group>"; };
		BE30A9501992447600BF3351 /* ViewController.swift */ = {isa = PBXFileReference; lastKnownFileType = sourcecode.swift; path = ViewController.swift; sourceTree = "<group>"; };
		BE30A9531992447600BF3351 /* Base */ = {isa = PBXFileReference; lastKnownFileType = file.storyboard; name = Base; path = Base.lproj/Main.storyboard; sourceTree = "<group>"; };
		BE30A9551992447600BF3351 /* Images.xcassets */ = {isa = PBXFileReference; lastKnownFileType = folder.assetcatalog; path = Images.xcassets; sourceTree = "<group>"; };
		BE30A95B1992447600BF3351 /* HelprTests.xctest */ = {isa = PBXFileReference; explicitFileType = wrapper.cfbundle; includeInIndex = 0; path = HelprTests.xctest; sourceTree = BUILT_PRODUCTS_DIR; };
		BE30A9601992447600BF3351 /* Info.plist */ = {isa = PBXFileReference; lastKnownFileType = text.plist.xml; path = Info.plist; sourceTree = "<group>"; };
		BE30A9611992447600BF3351 /* HelprTests.swift */ = {isa = PBXFileReference; lastKnownFileType = sourcecode.swift; path = HelprTests.swift; sourceTree = "<group>"; };
		BE70BE231992698700EFD9AE /* VideoViewController.swift */ = {isa = PBXFileReference; fileEncoding = 4; lastKnownFileType = sourcecode.swift; path = VideoViewController.swift; sourceTree = "<group>"; };
		BE70BE2519926BAD00EFD9AE /* OpenTok.framework */ = {isa = PBXFileReference; lastKnownFileType = wrapper.framework; path = OpenTok.framework; sourceTree = "<group>"; };
		BE70BE2A19926F6E00EFD9AE /* libxml2.dylib */ = {isa = PBXFileReference; lastKnownFileType = "compiled.mach-o.dylib"; name = libxml2.dylib; path = usr/lib/libxml2.dylib; sourceTree = SDKROOT; };
		BE70BE2C19926F7700EFD9AE /* libpthread.dylib */ = {isa = PBXFileReference; lastKnownFileType = "compiled.mach-o.dylib"; name = libpthread.dylib; path = usr/lib/libpthread.dylib; sourceTree = SDKROOT; };
		BE70BE2E19926F8300EFD9AE /* libstdc++.6.0.9.dylib */ = {isa = PBXFileReference; lastKnownFileType = "compiled.mach-o.dylib"; name = "libstdc++.6.0.9.dylib"; path = "usr/lib/libstdc++.6.0.9.dylib"; sourceTree = SDKROOT; };
		BE70BE3019926FAF00EFD9AE /* libsqlite3.dylib */ = {isa = PBXFileReference; lastKnownFileType = "compiled.mach-o.dylib"; name = libsqlite3.dylib; path = usr/lib/libsqlite3.dylib; sourceTree = SDKROOT; };
		BE70BE3219926FCC00EFD9AE /* OpenGLES.framework */ = {isa = PBXFileReference; lastKnownFileType = wrapper.framework; name = OpenGLES.framework; path = System/Library/Frameworks/OpenGLES.framework; sourceTree = SDKROOT; };
		BE70BE3419926FF000EFD9AE /* CoreTelephony.framework */ = {isa = PBXFileReference; lastKnownFileType = wrapper.framework; name = CoreTelephony.framework; path = System/Library/Frameworks/CoreTelephony.framework; sourceTree = SDKROOT; };
		BE70BE361992702D00EFD9AE /* AudioToolbox.framework */ = {isa = PBXFileReference; lastKnownFileType = wrapper.framework; name = AudioToolbox.framework; path = System/Library/Frameworks/AudioToolbox.framework; sourceTree = SDKROOT; };
		BE70BE381992703C00EFD9AE /* CoreVideo.framework */ = {isa = PBXFileReference; lastKnownFileType = wrapper.framework; name = CoreVideo.framework; path = System/Library/Frameworks/CoreVideo.framework; sourceTree = SDKROOT; };
		BE70BE3A1992704C00EFD9AE /* SystemConfiguration.framework */ = {isa = PBXFileReference; lastKnownFileType = wrapper.framework; name = SystemConfiguration.framework; path = System/Library/Frameworks/SystemConfiguration.framework; sourceTree = SDKROOT; };
		BE70BE3C1992707200EFD9AE /* CoreMedia.framework */ = {isa = PBXFileReference; lastKnownFileType = wrapper.framework; name = CoreMedia.framework; path = System/Library/Frameworks/CoreMedia.framework; sourceTree = SDKROOT; };
		BE70BE3E199270A500EFD9AE /* CoreGraphics.framework */ = {isa = PBXFileReference; lastKnownFileType = wrapper.framework; name = CoreGraphics.framework; path = System/Library/Frameworks/CoreGraphics.framework; sourceTree = SDKROOT; };
		BE70BE40199270C600EFD9AE /* UIKit.framework */ = {isa = PBXFileReference; lastKnownFileType = wrapper.framework; name = UIKit.framework; path = System/Library/Frameworks/UIKit.framework; sourceTree = SDKROOT; };
		BE70BE42199270D600EFD9AE /* AVFoundation.framework */ = {isa = PBXFileReference; lastKnownFileType = wrapper.framework; name = AVFoundation.framework; path = System/Library/Frameworks/AVFoundation.framework; sourceTree = SDKROOT; };
		BE70BE44199270F800EFD9AE /* Foundation.framework */ = {isa = PBXFileReference; lastKnownFileType = wrapper.framework; name = Foundation.framework; path = System/Library/Frameworks/Foundation.framework; sourceTree = SDKROOT; };
		BE70BE461992710500EFD9AE /* QuartzCore.framework */ = {isa = PBXFileReference; lastKnownFileType = wrapper.framework; name = QuartzCore.framework; path = System/Library/Frameworks/QuartzCore.framework; sourceTree = SDKROOT; };
		BE70BE4A1992755900EFD9AE /* GLKit.framework */ = {isa = PBXFileReference; lastKnownFileType = wrapper.framework; name = GLKit.framework; path = System/Library/Frameworks/GLKit.framework; sourceTree = SDKROOT; };
		BE70BE4C19927DEA00EFD9AE /* Helpr-Bridging-Header.h */ = {isa = PBXFileReference; lastKnownFileType = sourcecode.c.h; path = "Helpr-Bridging-Header.h"; sourceTree = "<group>"; };
/* End PBXFileReference section */

/* Begin PBXFrameworksBuildPhase section */
		BE30A9461992447600BF3351 /* Frameworks */ = {
			isa = PBXFrameworksBuildPhase;
			buildActionMask = 2147483647;
			files = (
				093DA327199281A300BB4683 /* OpenTok.framework in Frameworks */,
				BE70BE4B1992755900EFD9AE /* GLKit.framework in Frameworks */,
				BE70BE2B19926F6E00EFD9AE /* libxml2.dylib in Frameworks */,
				BE70BE2D19926F7700EFD9AE /* libpthread.dylib in Frameworks */,
				BE70BE2F19926F8300EFD9AE /* libstdc++.6.0.9.dylib in Frameworks */,
				BE70BE45199270F800EFD9AE /* Foundation.framework in Frameworks */,
				BE70BE41199270C600EFD9AE /* UIKit.framework in Frameworks */,
				BE70BE471992710500EFD9AE /* QuartzCore.framework in Frameworks */,
				BE70BE43199270D600EFD9AE /* AVFoundation.framework in Frameworks */,
				BE70BE371992702D00EFD9AE /* AudioToolbox.framework in Frameworks */,
				BE70BE3F199270A500EFD9AE /* CoreGraphics.framework in Frameworks */,
				BE70BE3D1992707200EFD9AE /* CoreMedia.framework in Frameworks */,
				BE70BE391992703C00EFD9AE /* CoreVideo.framework in Frameworks */,
				BE70BE3319926FCC00EFD9AE /* OpenGLES.framework in Frameworks */,
				BE70BE3B1992704C00EFD9AE /* SystemConfiguration.framework in Frameworks */,
				BE70BE3519926FF000EFD9AE /* CoreTelephony.framework in Frameworks */,
				BE70BE3119926FAF00EFD9AE /* libsqlite3.dylib in Frameworks */,
			);
			runOnlyForDeploymentPostprocessing = 0;
		};
		BE30A9581992447600BF3351 /* Frameworks */ = {
			isa = PBXFrameworksBuildPhase;
			buildActionMask = 2147483647;
			files = (
			);
			runOnlyForDeploymentPostprocessing = 0;
		};
/* End PBXFrameworksBuildPhase section */

/* Begin PBXGroup section */
		0914A6511992A72800631DB0 /* products */ = {
			isa = PBXGroup;
			children = (
				0914A63F1992A71900631DB0 /* biotex.jpg */,
				0914A6401992A71900631DB0 /* cif.jpg */,
				0914A6411992A71900631DB0 /* domestos.jpg */,
				0914A6421992A71900631DB0 /* dove_heat_protect_spray.jpg */,
				0914A6431992A71900631DB0 /* dove_pure_care_dry_oil.png */,
				0914A6441992A71900631DB0 /* intensive_whitening_soap.jpg */,
				0914A6451992A71900631DB0 /* lynx_2in1.png */,
				0914A6461992A71900631DB0 /* lynx_messy_look.png */,
				0914A6471992A71900631DB0 /* lynx_peace.png */,
				093DA3251992704A00BB4683 /* products.json */,
			);
			name = products;
			sourceTree = "<group>";
		};
		BE30A9401992447500BF3351 = {
			isa = PBXGroup;
			children = (
				BE70BE4A1992755900EFD9AE /* GLKit.framework */,
				BE70BE48199271D900EFD9AE /* Platform Frameworks */,
				BE30A94B1992447600BF3351 /* Helpr */,
				BE30A95E1992447600BF3351 /* HelprTests */,
				BE30A94A1992447600BF3351 /* Products */,
			);
			sourceTree = "<group>";
		};
		BE30A94A1992447600BF3351 /* Products */ = {
			isa = PBXGroup;
			children = (
				BE30A9491992447600BF3351 /* Helpr.app */,
				BE30A95B1992447600BF3351 /* HelprTests.xctest */,
			);
			name = Products;
			sourceTree = "<group>";
		};
		BE30A94B1992447600BF3351 /* Helpr */ = {
			isa = PBXGroup;
			children = (
				0914A6511992A72800631DB0 /* products */,
				BE30A94E1992447600BF3351 /* AppDelegate.swift */,
				BE30A9551992447600BF3351 /* Images.xcassets */,
				BE30A9521992447600BF3351 /* Main.storyboard */,
				BE70BE2519926BAD00EFD9AE /* OpenTok.framework */,
				093DA31F1992681300BB4683 /* Product.h */,
				093DA3201992681300BB4683 /* Product.m */,
				0914A63C1992897B00631DB0 /* ProductCategory.h */,
				0914A63D1992897B00631DB0 /* ProductCategory.m */,
				093DA32219926C0E00BB4683 /* ProductDetailsViewController.h */,
				093DA32319926C0E00BB4683 /* ProductDetailsViewController.m */,
				093DA3191992627C00BB4683 /* ProductsListTableViewController.h */,
				093DA31A1992627C00BB4683 /* ProductsListTableViewController.m */,
				093DA31C1992638D00BB4683 /* ProductTableViewCell.h */,
				093DA31D1992638D00BB4683 /* ProductTableViewCell.m */,
				BE30A94C1992447600BF3351 /* Supporting Files */,
				BE70BE231992698700EFD9AE /* VideoViewController.swift */,
				BE30A9501992447600BF3351 /* ViewController.swift */,
			);
			path = Helpr;
			sourceTree = "<group>";
		};
		BE30A94C1992447600BF3351 /* Supporting Files */ = {
			isa = PBXGroup;
			children = (
				BE30A94D1992447600BF3351 /* Info.plist */,
				BE70BE4C19927DEA00EFD9AE /* Helpr-Bridging-Header.h */,
			);
			name = "Supporting Files";
			sourceTree = "<group>";
		};
		BE30A95E1992447600BF3351 /* HelprTests */ = {
			isa = PBXGroup;
			children = (
				BE30A9611992447600BF3351 /* HelprTests.swift */,
				BE30A95F1992447600BF3351 /* Supporting Files */,
			);
			path = HelprTests;
			sourceTree = "<group>";
		};
		BE30A95F1992447600BF3351 /* Supporting Files */ = {
			isa = PBXGroup;
			children = (
				BE30A9601992447600BF3351 /* Info.plist */,
			);
			name = "Supporting Files";
			sourceTree = "<group>";
		};
		BE70BE48199271D900EFD9AE /* Platform Frameworks */ = {
			isa = PBXGroup;
			children = (
				BE70BE461992710500EFD9AE /* QuartzCore.framework */,
				BE70BE44199270F800EFD9AE /* Foundation.framework */,
				BE70BE42199270D600EFD9AE /* AVFoundation.framework */,
				BE70BE40199270C600EFD9AE /* UIKit.framework */,
				BE70BE3E199270A500EFD9AE /* CoreGraphics.framework */,
				BE70BE3C1992707200EFD9AE /* CoreMedia.framework */,
				BE70BE3A1992704C00EFD9AE /* SystemConfiguration.framework */,
				BE70BE381992703C00EFD9AE /* CoreVideo.framework */,
				BE70BE361992702D00EFD9AE /* AudioToolbox.framework */,
				BE70BE3419926FF000EFD9AE /* CoreTelephony.framework */,
				BE70BE3219926FCC00EFD9AE /* OpenGLES.framework */,
				BE70BE3019926FAF00EFD9AE /* libsqlite3.dylib */,
				BE70BE2E19926F8300EFD9AE /* libstdc++.6.0.9.dylib */,
				BE70BE2C19926F7700EFD9AE /* libpthread.dylib */,
				BE70BE2A19926F6E00EFD9AE /* libxml2.dylib */,
			);
			name = "Platform Frameworks";
			sourceTree = "<group>";
		};
/* End PBXGroup section */

/* Begin PBXNativeTarget section */
		BE30A9481992447600BF3351 /* Helpr */ = {
			isa = PBXNativeTarget;
			buildConfigurationList = BE30A9651992447600BF3351 /* Build configuration list for PBXNativeTarget "Helpr" */;
			buildPhases = (
				BE30A9451992447600BF3351 /* Sources */,
				BE30A9461992447600BF3351 /* Frameworks */,
				BE30A9471992447600BF3351 /* Resources */,
			);
			buildRules = (
			);
			dependencies = (
			);
			name = Helpr;
			productName = Helpr;
			productReference = BE30A9491992447600BF3351 /* Helpr.app */;
			productType = "com.apple.product-type.application";
		};
		BE30A95A1992447600BF3351 /* HelprTests */ = {
			isa = PBXNativeTarget;
			buildConfigurationList = BE30A9681992447600BF3351 /* Build configuration list for PBXNativeTarget "HelprTests" */;
			buildPhases = (
				BE30A9571992447600BF3351 /* Sources */,
				BE30A9581992447600BF3351 /* Frameworks */,
				BE30A9591992447600BF3351 /* Resources */,
			);
			buildRules = (
			);
			dependencies = (
				BE30A95D1992447600BF3351 /* PBXTargetDependency */,
			);
			name = HelprTests;
			productName = HelprTests;
			productReference = BE30A95B1992447600BF3351 /* HelprTests.xctest */;
			productType = "com.apple.product-type.bundle.unit-test";
		};
/* End PBXNativeTarget section */

/* Begin PBXProject section */
		BE30A9411992447500BF3351 /* Project object */ = {
			isa = PBXProject;
			attributes = {
				LastUpgradeCheck = 0600;
				ORGANIZATIONNAME = "James Nocentini";
				TargetAttributes = {
					BE30A9481992447600BF3351 = {
						CreatedOnToolsVersion = 6.0;
					};
					BE30A95A1992447600BF3351 = {
						CreatedOnToolsVersion = 6.0;
						TestTargetID = BE30A9481992447600BF3351;
					};
				};
			};
			buildConfigurationList = BE30A9441992447500BF3351 /* Build configuration list for PBXProject "Helpr" */;
			compatibilityVersion = "Xcode 3.2";
			developmentRegion = English;
			hasScannedForEncodings = 0;
			knownRegions = (
				en,
				Base,
			);
			mainGroup = BE30A9401992447500BF3351;
			productRefGroup = BE30A94A1992447600BF3351 /* Products */;
			projectDirPath = "";
			projectRoot = "";
			targets = (
				BE30A9481992447600BF3351 /* Helpr */,
				BE30A95A1992447600BF3351 /* HelprTests */,
			);
		};
/* End PBXProject section */

/* Begin PBXResourcesBuildPhase section */
		BE30A9471992447600BF3351 /* Resources */ = {
			isa = PBXResourcesBuildPhase;
			buildActionMask = 2147483647;
			files = (
				0914A6481992A71900631DB0 /* biotex.jpg in Resources */,
				0914A64C1992A71900631DB0 /* dove_pure_care_dry_oil.png in Resources */,
				093DA3261992704A00BB4683 /* products.json in Resources */,
				0914A64D1992A71900631DB0 /* intensive_whitening_soap.jpg in Resources */,
				0914A64F1992A71900631DB0 /* lynx_messy_look.png in Resources */,
				0914A6501992A71900631DB0 /* lynx_peace.png in Resources */,
				BE30A9541992447600BF3351 /* Main.storyboard in Resources */,
				0914A6491992A71900631DB0 /* cif.jpg in Resources */,
				0914A64B1992A71900631DB0 /* dove_heat_protect_spray.jpg in Resources */,
				BE30A9561992447600BF3351 /* Images.xcassets in Resources */,
				0914A64E1992A71900631DB0 /* lynx_2in1.png in Resources */,
				0914A64A1992A71900631DB0 /* domestos.jpg in Resources */,
			);
			runOnlyForDeploymentPostprocessing = 0;
		};
		BE30A9591992447600BF3351 /* Resources */ = {
			isa = PBXResourcesBuildPhase;
			buildActionMask = 2147483647;
			files = (
			);
			runOnlyForDeploymentPostprocessing = 0;
		};
/* End PBXResourcesBuildPhase section */

/* Begin PBXSourcesBuildPhase section */
		BE30A9451992447600BF3351 /* Sources */ = {
			isa = PBXSourcesBuildPhase;
			buildActionMask = 2147483647;
			files = (
				BE30A9511992447600BF3351 /* ViewController.swift in Sources */,
				093DA3211992681300BB4683 /* Product.m in Sources */,
				093DA31E1992638D00BB4683 /* ProductTableViewCell.m in Sources */,
				0914A63E1992897B00631DB0 /* ProductCategory.m in Sources */,
				093DA32419926C0E00BB4683 /* ProductDetailsViewController.m in Sources */,
				BE30A94F1992447600BF3351 /* AppDelegate.swift in Sources */,
				093DA31B1992627C00BB4683 /* ProductsListTableViewController.m in Sources */,
				BE70BE241992698700EFD9AE /* VideoViewController.swift in Sources */,
			);
			runOnlyForDeploymentPostprocessing = 0;
		};
		BE30A9571992447600BF3351 /* Sources */ = {
			isa = PBXSourcesBuildPhase;
			buildActionMask = 2147483647;
			files = (
				BE30A9621992447600BF3351 /* HelprTests.swift in Sources */,
			);
			runOnlyForDeploymentPostprocessing = 0;
		};
/* End PBXSourcesBuildPhase section */

/* Begin PBXTargetDependency section */
		BE30A95D1992447600BF3351 /* PBXTargetDependency */ = {
			isa = PBXTargetDependency;
			target = BE30A9481992447600BF3351 /* Helpr */;
			targetProxy = BE30A95C1992447600BF3351 /* PBXContainerItemProxy */;
		};
/* End PBXTargetDependency section */

/* Begin PBXVariantGroup section */
		BE30A9521992447600BF3351 /* Main.storyboard */ = {
			isa = PBXVariantGroup;
			children = (
				BE30A9531992447600BF3351 /* Base */,
			);
			name = Main.storyboard;
			sourceTree = "<group>";
		};
/* End PBXVariantGroup section */

/* Begin XCBuildConfiguration section */
		BE30A9631992447600BF3351 /* Debug */ = {
			isa = XCBuildConfiguration;
			buildSettings = {
				ALWAYS_SEARCH_USER_PATHS = NO;
				CLANG_CXX_LANGUAGE_STANDARD = "gnu++0x";
				CLANG_CXX_LIBRARY = "libc++";
				CLANG_ENABLE_MODULES = YES;
				CLANG_ENABLE_OBJC_ARC = YES;
				CLANG_WARN_BOOL_CONVERSION = YES;
				CLANG_WARN_CONSTANT_CONVERSION = YES;
				CLANG_WARN_DIRECT_OBJC_ISA_USAGE = YES_ERROR;
				CLANG_WARN_EMPTY_BODY = YES;
				CLANG_WARN_ENUM_CONVERSION = YES;
				CLANG_WARN_INT_CONVERSION = YES;
				CLANG_WARN_OBJC_ROOT_CLASS = YES_ERROR;
				CLANG_WARN_UNREACHABLE_CODE = YES;
				CLANG_WARN__DUPLICATE_METHOD_MATCH = YES;
				"CODE_SIGN_IDENTITY[sdk=iphoneos*]" = "iPhone Developer";
				COPY_PHASE_STRIP = NO;
				ENABLE_STRICT_OBJC_MSGSEND = YES;
				GCC_C_LANGUAGE_STANDARD = gnu99;
				GCC_DYNAMIC_NO_PIC = NO;
				GCC_OPTIMIZATION_LEVEL = 0;
				GCC_PREPROCESSOR_DEFINITIONS = (
					"DEBUG=1",
					"$(inherited)",
				);
				GCC_SYMBOLS_PRIVATE_EXTERN = NO;
				GCC_WARN_64_TO_32_BIT_CONVERSION = YES;
				GCC_WARN_ABOUT_RETURN_TYPE = YES_ERROR;
				GCC_WARN_UNDECLARED_SELECTOR = YES;
				GCC_WARN_UNINITIALIZED_AUTOS = YES_AGGRESSIVE;
				GCC_WARN_UNUSED_FUNCTION = YES;
				GCC_WARN_UNUSED_VARIABLE = YES;
				IPHONEOS_DEPLOYMENT_TARGET = 7.0;
				MTL_ENABLE_DEBUG_INFO = YES;
				ONLY_ACTIVE_ARCH = YES;
				SDKROOT = iphoneos;
				SWIFT_OPTIMIZATION_LEVEL = "-Onone";
			};
			name = Debug;
		};
		BE30A9641992447600BF3351 /* Release */ = {
			isa = XCBuildConfiguration;
			buildSettings = {
				ALWAYS_SEARCH_USER_PATHS = NO;
				CLANG_CXX_LANGUAGE_STANDARD = "gnu++0x";
				CLANG_CXX_LIBRARY = "libc++";
				CLANG_ENABLE_MODULES = YES;
				CLANG_ENABLE_OBJC_ARC = YES;
				CLANG_WARN_BOOL_CONVERSION = YES;
				CLANG_WARN_CONSTANT_CONVERSION = YES;
				CLANG_WARN_DIRECT_OBJC_ISA_USAGE = YES_ERROR;
				CLANG_WARN_EMPTY_BODY = YES;
				CLANG_WARN_ENUM_CONVERSION = YES;
				CLANG_WARN_INT_CONVERSION = YES;
				CLANG_WARN_OBJC_ROOT_CLASS = YES_ERROR;
				CLANG_WARN_UNREACHABLE_CODE = YES;
				CLANG_WARN__DUPLICATE_METHOD_MATCH = YES;
				"CODE_SIGN_IDENTITY[sdk=iphoneos*]" = "iPhone Developer";
				COPY_PHASE_STRIP = YES;
				ENABLE_NS_ASSERTIONS = NO;
				ENABLE_STRICT_OBJC_MSGSEND = YES;
				GCC_C_LANGUAGE_STANDARD = gnu99;
				GCC_WARN_64_TO_32_BIT_CONVERSION = YES;
				GCC_WARN_ABOUT_RETURN_TYPE = YES_ERROR;
				GCC_WARN_UNDECLARED_SELECTOR = YES;
				GCC_WARN_UNINITIALIZED_AUTOS = YES_AGGRESSIVE;
				GCC_WARN_UNUSED_FUNCTION = YES;
				GCC_WARN_UNUSED_VARIABLE = YES;
				IPHONEOS_DEPLOYMENT_TARGET = 7.0;
				MTL_ENABLE_DEBUG_INFO = NO;
				SDKROOT = iphoneos;
				VALIDATE_PRODUCT = YES;
			};
			name = Release;
		};
		BE30A9661992447600BF3351 /* Debug */ = {
			isa = XCBuildConfiguration;
			buildSettings = {
				ASSETCATALOG_COMPILER_APPICON_NAME = AppIcon;
				ASSETCATALOG_COMPILER_LAUNCHIMAGE_NAME = LaunchImage;
				CLANG_ENABLE_MODULES = YES;
				FRAMEWORK_SEARCH_PATHS = (
					"$(inherited)",
					"$(PROJECT_DIR)/Helpr",
				);
				INFOPLIST_FILE = Helpr/Info.plist;
				IPHONEOS_DEPLOYMENT_TARGET = 7.0;
				LD_RUNPATH_SEARCH_PATHS = "$(inherited) @executable_path/Frameworks";
				PRODUCT_NAME = "$(TARGET_NAME)";
				SWIFT_OBJC_BRIDGING_HEADER = "Helpr/Helpr-Bridging-Header.h";
				SWIFT_OPTIMIZATION_LEVEL = "-Onone";
				TARGETED_DEVICE_FAMILY = "1,2";
			};
			name = Debug;
		};
		BE30A9671992447600BF3351 /* Release */ = {
			isa = XCBuildConfiguration;
			buildSettings = {
				ASSETCATALOG_COMPILER_APPICON_NAME = AppIcon;
				ASSETCATALOG_COMPILER_LAUNCHIMAGE_NAME = LaunchImage;
				CLANG_ENABLE_MODULES = YES;
				FRAMEWORK_SEARCH_PATHS = (
					"$(inherited)",
					"$(PROJECT_DIR)/Helpr",
				);
				INFOPLIST_FILE = Helpr/Info.plist;
				IPHONEOS_DEPLOYMENT_TARGET = 7.0;
				LD_RUNPATH_SEARCH_PATHS = "$(inherited) @executable_path/Frameworks";
				PRODUCT_NAME = "$(TARGET_NAME)";
				SWIFT_OBJC_BRIDGING_HEADER = "Helpr/Helpr-Bridging-Header.h";
				TARGETED_DEVICE_FAMILY = "1,2";
			};
			name = Release;
		};
		BE30A9691992447600BF3351 /* Debug */ = {
			isa = XCBuildConfiguration;
			buildSettings = {
				BUNDLE_LOADER = "$(BUILT_PRODUCTS_DIR)/Helpr.app/Helpr";
				FRAMEWORK_SEARCH_PATHS = (
					"$(SDKROOT)/Developer/Library/Frameworks",
					"$(inherited)",
				);
				GCC_PREPROCESSOR_DEFINITIONS = (
					"DEBUG=1",
					"$(inherited)",
				);
				INFOPLIST_FILE = HelprTests/Info.plist;
				LD_RUNPATH_SEARCH_PATHS = "$(inherited) @executable_path/Frameworks @loader_path/Frameworks";
				PRODUCT_NAME = "$(TARGET_NAME)";
				TEST_HOST = "$(BUNDLE_LOADER)";
			};
			name = Debug;
		};
		BE30A96A1992447600BF3351 /* Release */ = {
			isa = XCBuildConfiguration;
			buildSettings = {
				BUNDLE_LOADER = "$(BUILT_PRODUCTS_DIR)/Helpr.app/Helpr";
				FRAMEWORK_SEARCH_PATHS = (
					"$(SDKROOT)/Developer/Library/Frameworks",
					"$(inherited)",
				);
				INFOPLIST_FILE = HelprTests/Info.plist;
				LD_RUNPATH_SEARCH_PATHS = "$(inherited) @executable_path/Frameworks @loader_path/Frameworks";
				PRODUCT_NAME = "$(TARGET_NAME)";
				TEST_HOST = "$(BUNDLE_LOADER)";
			};
			name = Release;
		};
/* End XCBuildConfiguration section */

/* Begin XCConfigurationList section */
		BE30A9441992447500BF3351 /* Build configuration list for PBXProject "Helpr" */ = {
			isa = XCConfigurationList;
			buildConfigurations = (
				BE30A9631992447600BF3351 /* Debug */,
				BE30A9641992447600BF3351 /* Release */,
			);
			defaultConfigurationIsVisible = 0;
			defaultConfigurationName = Release;
		};
		BE30A9651992447600BF3351 /* Build configuration list for PBXNativeTarget "Helpr" */ = {
			isa = XCConfigurationList;
			buildConfigurations = (
				BE30A9661992447600BF3351 /* Debug */,
				BE30A9671992447600BF3351 /* Release */,
			);
			defaultConfigurationIsVisible = 0;
			defaultConfigurationName = Release;
		};
		BE30A9681992447600BF3351 /* Build configuration list for PBXNativeTarget "HelprTests" */ = {
			isa = XCConfigurationList;
			buildConfigurations = (
				BE30A9691992447600BF3351 /* Debug */,
				BE30A96A1992447600BF3351 /* Release */,
			);
			defaultConfigurationIsVisible = 0;
			defaultConfigurationName = Release;
		};
/* End XCConfigurationList section */
	};
	rootObject = BE30A9411992447500BF3351 /* Project object */;
}
